
Microsoft Visual Studio Solution File, Format Version 12.00
# Visual Studio Version 17
VisualStudioVersion = 17.8.34330.188
MinimumVisualStudioVersion = 10.0.40219.1
Project("{FAE04EC0-301F-11D3-BF4B-00C04F79EFBC}") = "Avalonia.MusicStore", "Avalonia.MusicStore\Avalonia.MusicStore.csproj", "{B74FB51E-33C5-4AED-992B-FA10C3A76855}"
EndProject
Global
	GlobalSection(SolutionConfigurationPlatforms) = preSolution
		Debug|Any CPU = Debug|Any CPU
		Release|Any CPU = Release|Any CPU
	EndGlobalSection
	GlobalSection(ProjectConfigurationPlatforms) = postSolution
		{B74FB51E-33C5-4AED-992B-FA10C3A76855}.Debug|Any CPU.ActiveCfg = Debug|Any CPU
		{B74FB51E-33C5-4AED-992B-FA10C3A76855}.Debug|Any CPU.Build.0 = Debug|Any CPU
		{B74FB51E-33C5-4AED-992B-FA10C3A76855}.Release|Any CPU.ActiveCfg = Release|Any CPU
		{B74FB51E-33C5-4AED-992B-FA10C3A76855}.Release|Any CPU.Build.0 = Release|Any CPU
	EndGlobalSection
	GlobalSection(SolutionProperties) = preSolution
		HideSolutionNode = FALSE
	EndGlobalSection
	GlobalSection(ExtensibilityGlobals) = postSolution
		SolutionGuid = {74255A64-724A-4197-9F5E-916F44A602FE}
	EndGlobalSection
EndGlobal
